PODS:
  - Capacitor (5.7.3):
    - CapacitorCordova
  - CapacitorApp (5.0.7):
    - Capacitor
  - CapacitorCordova (5.7.3)
  - CapacitorFilesystem (5.2.1):
    - Capacitor
  - CapacitorShare (5.0.7):
    - Capacitor

DEPENDENCIES:
  - "Capacitor (from `../../node_modules/@capacitor/ios`)"
  - "CapacitorApp (from `../../node_modules/@capacitor/app`)"
  - "CapacitorCordova (from `../../node_modules/@capacitor/ios`)"
  - "CapacitorFilesystem (from `../../node_modules/@capacitor/filesystem`)"
  - "CapacitorShare (from `../../node_modules/@capacitor/share`)"

EXTERNAL SOURCES:
  Capacitor:
    :path: "../../node_modules/@capacitor/ios"
  CapacitorApp:
    :path: "../../node_modules/@capacitor/app"
  CapacitorCordova:
    :path: "../../node_modules/@capacitor/ios"
  CapacitorFilesystem:
    :path: "../../node_modules/@capacitor/filesystem"
  CapacitorShare:
    :path: "../../node_modules/@capacitor/share"

SPEC CHECKSUMS:
  Capacitor: 7b5eb47c6125e9b58a3e3cd02fe366fc58adc89c
  CapacitorApp: 17fecd0e6cb23feafac7eb0939417389038b0979
  CapacitorCordova: a377c52a28dbb3b895c0f71187f7b1777fee69db
  CapacitorFilesystem: 9f3e3c7fea2fff12f46dd5b07a2914f2103e4cfc
  CapacitorShare: c6a1ebbf0114ff9e863b966cd6052678fa25d480

PODFILE CHECKSUM: f585a2974f5c132e64d03c98266c0b7dc3c1a490

COCOAPODS: 1.15.2
